
Microsoft Visual Studio Solution File, Format Version 12.00
Project("{FAE04EC0-301F-11D3-BF4B-00C04F79EFBC}") = "AoC2024.Day01.Part1", "AoC2024.Day01.Part1\AoC2024.Day01.Part1.csproj", "{4E389BD7-A635-42F6-9D08-9329CAE10DA5}"
EndProject
Project("{FAE04EC0-301F-11D3-BF4B-00C04F79EFBC}") = "AoC2024.Day01.Part2", "AoC2024.Day01.Part2\AoC2024.Day01.Part2.csproj", "{7BA491E1-D736-4E52-A220-4534FDEBE6C5}"
EndProject
Project("{FAE04EC0-301F-11D3-BF4B-00C04F79EFBC}") = "AoC2024.Day02.Part1", "AoC2024.Day02.Part1\AoC2024.Day02.Part1.csproj", "{73AD3A35-914C-4C24-8B34-E8BEB47E4580}"
EndProject
Project("{FAE04EC0-301F-11D3-BF4B-00C04F79EFBC}") = "AoC2024.Day02.Part2", "AoC2024.Day02.Part2\AoC2024.Day02.Part2.csproj", "{24C9CEB5-D4F7-4C48-9C32-69D54DE11D4D}"
EndProject
Project("{FAE04EC0-301F-11D3-BF4B-00C04F79EFBC}") = "AoC2024.Day03.Part1", "AoC2024.Day03.Part1\AoC2024.Day03.Part1.csproj", "{7B9A93E1-77B6-40BC-91AE-231C7527AB7A}"
EndProject
Project("{FAE04EC0-301F-11D3-BF4B-00C04F79EFBC}") = "AoC2024.Day03.Part2", "AoC2024.Day03.Part2\AoC2024.Day03.Part2.csproj", "{A4BE81D2-60DD-4CE6-8C36-FAF726CFA9AA}"
EndProject
Project("{FAE04EC0-301F-11D3-BF4B-00C04F79EFBC}") = "AoC2024.Day04.Part1", "AoC2024.Day04.Part1\AoC2024.Day04.Part1.csproj", "{157EF7C2-F6FC-40E5-A373-D0609B5380C3}"
EndProject
Project("{FAE04EC0-301F-11D3-BF4B-00C04F79EFBC}") = "AoC2024.Day04.Part2", "AoC2024.Day04.Part2\AoC2024.Day04.Part2.csproj", "{4B57E0ED-FB12-4285-9146-8AED3EBC7A4D}"
EndProject
Project("{FAE04EC0-301F-11D3-BF4B-00C04F79EFBC}") = "AoC2024.Day05.Part1", "AoC2024.Day05.Part1\AoC2024.Day05.Part1.csproj", "{95E136CE-F34E-4A30-85D6-A6C3C9FB7578}"
EndProject
Project("{FAE04EC0-301F-11D3-BF4B-00C04F79EFBC}") = "AoC2024.Day05.Part2", "AoC2024.Day05.Part2\AoC2024.Day05.Part2.csproj", "{87961302-11E7-46C6-91B1-EAE380CC0582}"
EndProject
Project("{FAE04EC0-301F-11D3-BF4B-00C04F79EFBC}") = "AoC2024.Day06.Part1", "AoC2024.Day06.Part1\AoC2024.Day06.Part1.csproj", "{805E41E9-0646-4345-85E6-A5F7D54A9140}"
EndProject
Project("{FAE04EC0-301F-11D3-BF4B-00C04F79EFBC}") = "AoC2024.Day06.Part2", "AoC2024.Day06.Part2\AoC2024.Day06.Part2.csproj", "{D291F18F-2E02-4FA0-8E33-45B52AE644F3}"
EndProject
Project("{FAE04EC0-301F-11D3-BF4B-00C04F79EFBC}") = "AoC2024.Day07.Part1", "AoC2024.Day07.Part1\AoC2024.Day07.Part1.csproj", "{BF4420F9-1F8F-4F1F-8DD2-FFDCF78041C3}"
EndProject
Project("{FAE04EC0-301F-11D3-BF4B-00C04F79EFBC}") = "AoC2024.Day07.Part2", "AoC2024.Day07.Part2\AoC2024.Day07.Part2.csproj", "{22905B3B-D7DE-4CB4-9407-A2FE991FCF4D}"
EndProject
Project("{FAE04EC0-301F-11D3-BF4B-00C04F79EFBC}") = "AoC2024.Day08.Part1", "AoC2024.Day08.Part1\AoC2024.Day08.Part1.csproj", "{5B119306-99E6-480E-BD75-0FEE9A636A0F}"
EndProject
Project("{FAE04EC0-301F-11D3-BF4B-00C04F79EFBC}") = "AoC2024.Day08.Part2", "AoC2024.Day08.Part2\AoC2024.Day08.Part2.csproj", "{9F3C5079-2F5B-4DA0-88A4-B95E4B74C5D4}"
EndProject
Project("{FAE04EC0-301F-11D3-BF4B-00C04F79EFBC}") = "AoC2024.Day09.Part1", "AoC2024.Day09.Part1\AoC2024.Day09.Part1.csproj", "{A8761260-5558-4118-A43D-6AFDF6360264}"
EndProject
Project("{FAE04EC0-301F-11D3-BF4B-00C04F79EFBC}") = "AoC2024.Day09.Part2", "AoC2024.Day09.Part2\AoC2024.Day09.Part2.csproj", "{8B0D6C2F-F9D7-4DA8-BB7B-CEAE391B679B}"
EndProject
Global
	GlobalSection(SolutionConfigurationPlatforms) = preSolution
		Debug|Any CPU = Debug|Any CPU
		Release|Any CPU = Release|Any CPU
	EndGlobalSection
	GlobalSection(ProjectConfigurationPlatforms) = postSolution
		{4E389BD7-A635-42F6-9D08-9329CAE10DA5}.Debug|Any CPU.ActiveCfg = Debug|Any CPU
		{4E389BD7-A635-42F6-9D08-9329CAE10DA5}.Debug|Any CPU.Build.0 = Debug|Any CPU
		{4E389BD7-A635-42F6-9D08-9329CAE10DA5}.Release|Any CPU.ActiveCfg = Release|Any CPU
		{4E389BD7-A635-42F6-9D08-9329CAE10DA5}.Release|Any CPU.Build.0 = Release|Any CPU
		{7BA491E1-D736-4E52-A220-4534FDEBE6C5}.Debug|Any CPU.ActiveCfg = Debug|Any CPU
		{7BA491E1-D736-4E52-A220-4534FDEBE6C5}.Debug|Any CPU.Build.0 = Debug|Any CPU
		{7BA491E1-D736-4E52-A220-4534FDEBE6C5}.Release|Any CPU.ActiveCfg = Release|Any CPU
		{7BA491E1-D736-4E52-A220-4534FDEBE6C5}.Release|Any CPU.Build.0 = Release|Any CPU
		{73AD3A35-914C-4C24-8B34-E8BEB47E4580}.Debug|Any CPU.ActiveCfg = Debug|Any CPU
		{73AD3A35-914C-4C24-8B34-E8BEB47E4580}.Debug|Any CPU.Build.0 = Debug|Any CPU
		{73AD3A35-914C-4C24-8B34-E8BEB47E4580}.Release|Any CPU.ActiveCfg = Release|Any CPU
		{73AD3A35-914C-4C24-8B34-E8BEB47E4580}.Release|Any CPU.Build.0 = Release|Any CPU
		{24C9CEB5-D4F7-4C48-9C32-69D54DE11D4D}.Debug|Any CPU.ActiveCfg = Debug|Any CPU
		{24C9CEB5-D4F7-4C48-9C32-69D54DE11D4D}.Debug|Any CPU.Build.0 = Debug|Any CPU
		{24C9CEB5-D4F7-4C48-9C32-69D54DE11D4D}.Release|Any CPU.ActiveCfg = Release|Any CPU
		{24C9CEB5-D4F7-4C48-9C32-69D54DE11D4D}.Release|Any CPU.Build.0 = Release|Any CPU
		{7B9A93E1-77B6-40BC-91AE-231C7527AB7A}.Debug|Any CPU.ActiveCfg = Debug|Any CPU
		{7B9A93E1-77B6-40BC-91AE-231C7527AB7A}.Debug|Any CPU.Build.0 = Debug|Any CPU
		{7B9A93E1-77B6-40BC-91AE-231C7527AB7A}.Release|Any CPU.ActiveCfg = Release|Any CPU
		{7B9A93E1-77B6-40BC-91AE-231C7527AB7A}.Release|Any CPU.Build.0 = Release|Any CPU
		{A4BE81D2-60DD-4CE6-8C36-FAF726CFA9AA}.Debug|Any CPU.ActiveCfg = Debug|Any CPU
		{A4BE81D2-60DD-4CE6-8C36-FAF726CFA9AA}.Debug|Any CPU.Build.0 = Debug|Any CPU
		{A4BE81D2-60DD-4CE6-8C36-FAF726CFA9AA}.Release|Any CPU.ActiveCfg = Release|Any CPU
		{A4BE81D2-60DD-4CE6-8C36-FAF726CFA9AA}.Release|Any CPU.Build.0 = Release|Any CPU
		{157EF7C2-F6FC-40E5-A373-D0609B5380C3}.Debug|Any CPU.ActiveCfg = Debug|Any CPU
		{157EF7C2-F6FC-40E5-A373-D0609B5380C3}.Debug|Any CPU.Build.0 = Debug|Any CPU
		{157EF7C2-F6FC-40E5-A373-D0609B5380C3}.Release|Any CPU.ActiveCfg = Release|Any CPU
		{157EF7C2-F6FC-40E5-A373-D0609B5380C3}.Release|Any CPU.Build.0 = Release|Any CPU
		{4B57E0ED-FB12-4285-9146-8AED3EBC7A4D}.Debug|Any CPU.ActiveCfg = Debug|Any CPU
		{4B57E0ED-FB12-4285-9146-8AED3EBC7A4D}.Debug|Any CPU.Build.0 = Debug|Any CPU
		{4B57E0ED-FB12-4285-9146-8AED3EBC7A4D}.Release|Any CPU.ActiveCfg = Release|Any CPU
		{4B57E0ED-FB12-4285-9146-8AED3EBC7A4D}.Release|Any CPU.Build.0 = Release|Any CPU
		{95E136CE-F34E-4A30-85D6-A6C3C9FB7578}.Debug|Any CPU.ActiveCfg = Debug|Any CPU
		{95E136CE-F34E-4A30-85D6-A6C3C9FB7578}.Debug|Any CPU.Build.0 = Debug|Any CPU
		{95E136CE-F34E-4A30-85D6-A6C3C9FB7578}.Release|Any CPU.ActiveCfg = Release|Any CPU
		{95E136CE-F34E-4A30-85D6-A6C3C9FB7578}.Release|Any CPU.Build.0 = Release|Any CPU
		{87961302-11E7-46C6-91B1-EAE380CC0582}.Debug|Any CPU.ActiveCfg = Debug|Any CPU
		{87961302-11E7-46C6-91B1-EAE380CC0582}.Debug|Any CPU.Build.0 = Debug|Any CPU
		{87961302-11E7-46C6-91B1-EAE380CC0582}.Release|Any CPU.ActiveCfg = Release|Any CPU
		{87961302-11E7-46C6-91B1-EAE380CC0582}.Release|Any CPU.Build.0 = Release|Any CPU
		{805E41E9-0646-4345-85E6-A5F7D54A9140}.Debug|Any CPU.ActiveCfg = Debug|Any CPU
		{805E41E9-0646-4345-85E6-A5F7D54A9140}.Debug|Any CPU.Build.0 = Debug|Any CPU
		{805E41E9-0646-4345-85E6-A5F7D54A9140}.Release|Any CPU.ActiveCfg = Release|Any CPU
		{805E41E9-0646-4345-85E6-A5F7D54A9140}.Release|Any CPU.Build.0 = Release|Any CPU
		{D291F18F-2E02-4FA0-8E33-45B52AE644F3}.Debug|Any CPU.ActiveCfg = Debug|Any CPU
		{D291F18F-2E02-4FA0-8E33-45B52AE644F3}.Debug|Any CPU.Build.0 = Debug|Any CPU
		{D291F18F-2E02-4FA0-8E33-45B52AE644F3}.Release|Any CPU.ActiveCfg = Release|Any CPU
		{D291F18F-2E02-4FA0-8E33-45B52AE644F3}.Release|Any CPU.Build.0 = Release|Any CPU
		{BF4420F9-1F8F-4F1F-8DD2-FFDCF78041C3}.Debug|Any CPU.ActiveCfg = Debug|Any CPU
		{BF4420F9-1F8F-4F1F-8DD2-FFDCF78041C3}.Debug|Any CPU.Build.0 = Debug|Any CPU
		{BF4420F9-1F8F-4F1F-8DD2-FFDCF78041C3}.Release|Any CPU.ActiveCfg = Release|Any CPU
		{BF4420F9-1F8F-4F1F-8DD2-FFDCF78041C3}.Release|Any CPU.Build.0 = Release|Any CPU
		{22905B3B-D7DE-4CB4-9407-A2FE991FCF4D}.Debug|Any CPU.ActiveCfg = Debug|Any CPU
		{22905B3B-D7DE-4CB4-9407-A2FE991FCF4D}.Debug|Any CPU.Build.0 = Debug|Any CPU
		{22905B3B-D7DE-4CB4-9407-A2FE991FCF4D}.Release|Any CPU.ActiveCfg = Release|Any CPU
		{22905B3B-D7DE-4CB4-9407-A2FE991FCF4D}.Release|Any CPU.Build.0 = Release|Any CPU
		{5B119306-99E6-480E-BD75-0FEE9A636A0F}.Debug|Any CPU.ActiveCfg = Debug|Any CPU
		{5B119306-99E6-480E-BD75-0FEE9A636A0F}.Debug|Any CPU.Build.0 = Debug|Any CPU
		{5B119306-99E6-480E-BD75-0FEE9A636A0F}.Release|Any CPU.ActiveCfg = Release|Any CPU
		{5B119306-99E6-480E-BD75-0FEE9A636A0F}.Release|Any CPU.Build.0 = Release|Any CPU
		{9F3C5079-2F5B-4DA0-88A4-B95E4B74C5D4}.Debug|Any CPU.ActiveCfg = Debug|Any CPU
		{9F3C5079-2F5B-4DA0-88A4-B95E4B74C5D4}.Debug|Any CPU.Build.0 = Debug|Any CPU
		{9F3C5079-2F5B-4DA0-88A4-B95E4B74C5D4}.Release|Any CPU.ActiveCfg = Release|Any CPU
		{9F3C5079-2F5B-4DA0-88A4-B95E4B74C5D4}.Release|Any CPU.Build.0 = Release|Any CPU
		{A8761260-5558-4118-A43D-6AFDF6360264}.Debug|Any CPU.ActiveCfg = Debug|Any CPU
		{A8761260-5558-4118-A43D-6AFDF6360264}.Debug|Any CPU.Build.0 = Debug|Any CPU
		{A8761260-5558-4118-A43D-6AFDF6360264}.Release|Any CPU.ActiveCfg = Release|Any CPU
		{A8761260-5558-4118-A43D-6AFDF6360264}.Release|Any CPU.Build.0 = Release|Any CPU
		{8B0D6C2F-F9D7-4DA8-BB7B-CEAE391B679B}.Debug|Any CPU.ActiveCfg = Debug|Any CPU
		{8B0D6C2F-F9D7-4DA8-BB7B-CEAE391B679B}.Debug|Any CPU.Build.0 = Debug|Any CPU
		{8B0D6C2F-F9D7-4DA8-BB7B-CEAE391B679B}.Release|Any CPU.ActiveCfg = Release|Any CPU
		{8B0D6C2F-F9D7-4DA8-BB7B-CEAE391B679B}.Release|Any CPU.Build.0 = Release|Any CPU
	EndGlobalSection
EndGlobal
