
Microsoft Visual Studio Solution File, Format Version 12.00
Project("{FAE04EC0-301F-11D3-BF4B-00C04F79EFBC}") = "AoC2024.Day01.Part1", "AoC2024.Day01.Part1\AoC2024.Day01.Part1.csproj", "{4E389BD7-A635-42F6-9D08-9329CAE10DA5}"
EndProject
Project("{FAE04EC0-301F-11D3-BF4B-00C04F79EFBC}") = "AoC2024.Day01.Part2", "AoC2024.Day01.Part2\AoC2024.Day01.Part2.csproj", "{7BA491E1-D736-4E52-A220-4534FDEBE6C5}"
EndProject
Project("{FAE04EC0-301F-11D3-BF4B-00C04F79EFBC}") = "AoC2024.Day02.Part1", "AoC2024.Day02.Part1\AoC2024.Day02.Part1.csproj", "{73AD3A35-914C-4C24-8B34-E8BEB47E4580}"
EndProject
Project("{FAE04EC0-301F-11D3-BF4B-00C04F79EFBC}") = "AoC2024.Day02.Part2", "AoC2024.Day02.Part2\AoC2024.Day02.Part2.csproj", "{24C9CEB5-D4F7-4C48-9C32-69D54DE11D4D}"
EndProject
Project("{FAE04EC0-301F-11D3-BF4B-00C04F79EFBC}") = "AoC2024.Day03.Part1", "AoC2024.Day03.Part1\AoC2024.Day03.Part1.csproj", "{7B9A93E1-77B6-40BC-91AE-231C7527AB7A}"
EndProject
Project("{FAE04EC0-301F-11D3-BF4B-00C04F79EFBC}") = "AoC2024.Day03.Part2", "AoC2024.Day03.Part2\AoC2024.Day03.Part2.csproj", "{A4BE81D2-60DD-4CE6-8C36-FAF726CFA9AA}"
EndProject
Project("{FAE04EC0-301F-11D3-BF4B-00C04F79EFBC}") = "AoC2024.Day04.Part1", "AoC2024.Day04.Part1\AoC2024.Day04.Part1.csproj", "{157EF7C2-F6FC-40E5-A373-D0609B5380C3}"
EndProject
Project("{FAE04EC0-301F-11D3-BF4B-00C04F79EFBC}") = "AoC2024.Day04.Part2", "AoC2024.Day04.Part2\AoC2024.Day04.Part2.csproj", "{4B57E0ED-FB12-4285-9146-8AED3EBC7A4D}"
EndProject
Global
	GlobalSection(SolutionConfigurationPlatforms) = preSolution
		Debug|Any CPU = Debug|Any CPU
		Release|Any CPU = Release|Any CPU
	EndGlobalSection
	GlobalSection(ProjectConfigurationPlatforms) = postSolution
		{4E389BD7-A635-42F6-9D08-9329CAE10DA5}.Debug|Any CPU.ActiveCfg = Debug|Any CPU
		{4E389BD7-A635-42F6-9D08-9329CAE10DA5}.Debug|Any CPU.Build.0 = Debug|Any CPU
		{4E389BD7-A635-42F6-9D08-9329CAE10DA5}.Release|Any CPU.ActiveCfg = Release|Any CPU
		{4E389BD7-A635-42F6-9D08-9329CAE10DA5}.Release|Any CPU.Build.0 = Release|Any CPU
		{7BA491E1-D736-4E52-A220-4534FDEBE6C5}.Debug|Any CPU.ActiveCfg = Debug|Any CPU
		{7BA491E1-D736-4E52-A220-4534FDEBE6C5}.Debug|Any CPU.Build.0 = Debug|Any CPU
		{7BA491E1-D736-4E52-A220-4534FDEBE6C5}.Release|Any CPU.ActiveCfg = Release|Any CPU
		{7BA491E1-D736-4E52-A220-4534FDEBE6C5}.Release|Any CPU.Build.0 = Release|Any CPU
		{73AD3A35-914C-4C24-8B34-E8BEB47E4580}.Debug|Any CPU.ActiveCfg = Debug|Any CPU
		{73AD3A35-914C-4C24-8B34-E8BEB47E4580}.Debug|Any CPU.Build.0 = Debug|Any CPU
		{73AD3A35-914C-4C24-8B34-E8BEB47E4580}.Release|Any CPU.ActiveCfg = Release|Any CPU
		{73AD3A35-914C-4C24-8B34-E8BEB47E4580}.Release|Any CPU.Build.0 = Release|Any CPU
		{24C9CEB5-D4F7-4C48-9C32-69D54DE11D4D}.Debug|Any CPU.ActiveCfg = Debug|Any CPU
		{24C9CEB5-D4F7-4C48-9C32-69D54DE11D4D}.Debug|Any CPU.Build.0 = Debug|Any CPU
		{24C9CEB5-D4F7-4C48-9C32-69D54DE11D4D}.Release|Any CPU.ActiveCfg = Release|Any CPU
		{24C9CEB5-D4F7-4C48-9C32-69D54DE11D4D}.Release|Any CPU.Build.0 = Release|Any CPU
		{7B9A93E1-77B6-40BC-91AE-231C7527AB7A}.Debug|Any CPU.ActiveCfg = Debug|Any CPU
		{7B9A93E1-77B6-40BC-91AE-231C7527AB7A}.Debug|Any CPU.Build.0 = Debug|Any CPU
		{7B9A93E1-77B6-40BC-91AE-231C7527AB7A}.Release|Any CPU.ActiveCfg = Release|Any CPU
		{7B9A93E1-77B6-40BC-91AE-231C7527AB7A}.Release|Any CPU.Build.0 = Release|Any CPU
		{A4BE81D2-60DD-4CE6-8C36-FAF726CFA9AA}.Debug|Any CPU.ActiveCfg = Debug|Any CPU
		{A4BE81D2-60DD-4CE6-8C36-FAF726CFA9AA}.Debug|Any CPU.Build.0 = Debug|Any CPU
		{A4BE81D2-60DD-4CE6-8C36-FAF726CFA9AA}.Release|Any CPU.ActiveCfg = Release|Any CPU
		{A4BE81D2-60DD-4CE6-8C36-FAF726CFA9AA}.Release|Any CPU.Build.0 = Release|Any CPU
		{157EF7C2-F6FC-40E5-A373-D0609B5380C3}.Debug|Any CPU.ActiveCfg = Debug|Any CPU
		{157EF7C2-F6FC-40E5-A373-D0609B5380C3}.Debug|Any CPU.Build.0 = Debug|Any CPU
		{157EF7C2-F6FC-40E5-A373-D0609B5380C3}.Release|Any CPU.ActiveCfg = Release|Any CPU
		{157EF7C2-F6FC-40E5-A373-D0609B5380C3}.Release|Any CPU.Build.0 = Release|Any CPU
		{4B57E0ED-FB12-4285-9146-8AED3EBC7A4D}.Debug|Any CPU.ActiveCfg = Debug|Any CPU
		{4B57E0ED-FB12-4285-9146-8AED3EBC7A4D}.Debug|Any CPU.Build.0 = Debug|Any CPU
		{4B57E0ED-FB12-4285-9146-8AED3EBC7A4D}.Release|Any CPU.ActiveCfg = Release|Any CPU
		{4B57E0ED-FB12-4285-9146-8AED3EBC7A4D}.Release|Any CPU.Build.0 = Release|Any CPU
	EndGlobalSection
EndGlobal
